
Microsoft Visual Studio Solution File, Format Version 11.00
# Visual Studio 2010
Project("{8BC9CEB8-8B4A-11D0-8D11-00A0C91BC942}") = "VoiceRecognition_DTW", "VoiceRecognition_DTW\VoiceRecognition_DTW.vcxproj", "{E389C1FD-5582-488E-A6FA-694A3AF65431}"
EndProject
Global
	GlobalSection(SolutionConfigurationPlatforms) = preSolution
		Debug|Win32 = Debug|Win32
		Release|Win32 = Release|Win32
	EndGlobalSection
	GlobalSection(ProjectConfigurationPlatforms) = postSolution
		{E389C1FD-5582-488E-A6FA-694A3AF65431}.Debug|Win32.ActiveCfg = Debug|Win32
		{E389C1FD-5582-488E-A6FA-694A3AF65431}.Debug|Win32.Build.0 = Debug|Win32
		{E389C1FD-5582-488E-A6FA-694A3AF65431}.Release|Win32.ActiveCfg = Release|Win32
		{E389C1FD-5582-488E-A6FA-694A3AF65431}.Release|Win32.Build.0 = Release|Win32
	EndGlobalSection
	GlobalSection(SolutionProperties) = preSolution
		HideSolutionNode = FALSE
	EndGlobalSection
EndGlobal
